
Microsoft Visual Studio Solution File, Format Version 12.00
# Visual Studio Express 2012 for Windows 8
Project("{FAE04EC0-301F-11D3-BF4B-00C04F79EFBC}") = "ResourceGlobalizationCS", "ResourceGlobalizationCS\ResourceGlobalizationCS.csproj", "{2FCA0E1B-E885-435E-AB51-D92E36DF9840}"
EndProject
Global
	GlobalSection(SolutionConfigurationPlatforms) = preSolution
		Debug|ARM = Debug|ARM
		Debug|Any CPU = Debug|Any CPU
		Debug|x64 = Debug|x64
		Debug|x86 = Debug|x86
		Release|ARM = Release|ARM
		Release|Any CPU = Release|Any CPU
		Release|x64 = Release|x64
		Release|x86 = Release|x86
	EndGlobalSection
	GlobalSection(ProjectConfigurationPlatforms) = postSolution
		{2FCA0E1B-E885-435E-AB51-D92E36DF9840}.Debug|ARM.ActiveCfg = Debug|ARM
		{2FCA0E1B-E885-435E-AB51-D92E36DF9840}.Debug|ARM.Build.0 = Debug|ARM
		{2FCA0E1B-E885-435E-AB51-D92E36DF9840}.Debug|ARM.Deploy.0 = Debug|ARM
		{2FCA0E1B-E885-435E-AB51-D92E36DF9840}.Debug|Any CPU.ActiveCfg = Debug|Any CPU
		{2FCA0E1B-E885-435E-AB51-D92E36DF9840}.Debug|Any CPU.Build.0 = Debug|Any CPU
		{2FCA0E1B-E885-435E-AB51-D92E36DF9840}.Debug|Any CPU.Deploy.0 = Debug|Any CPU
		{2FCA0E1B-E885-435E-AB51-D92E36DF9840}.Debug|x64.ActiveCfg = Debug|x64
		{2FCA0E1B-E885-435E-AB51-D92E36DF9840}.Debug|x64.Build.0 = Debug|x64
		{2FCA0E1B-E885-435E-AB51-D92E36DF9840}.Debug|x64.Deploy.0 = Debug|x64
		{2FCA0E1B-E885-435E-AB51-D92E36DF9840}.Debug|x86.ActiveCfg = Debug|x86
		{2FCA0E1B-E885-435E-AB51-D92E36DF9840}.Debug|x86.Build.0 = Debug|x86
		{2FCA0E1B-E885-435E-AB51-D92E36DF9840}.Debug|x86.Deploy.0 = Debug|x86
		{2FCA0E1B-E885-435E-AB51-D92E36DF9840}.Release|ARM.ActiveCfg = Release|ARM
		{2FCA0E1B-E885-435E-AB51-D92E36DF9840}.Release|ARM.Build.0 = Release|ARM
		{2FCA0E1B-E885-435E-AB51-D92E36DF9840}.Release|ARM.Deploy.0 = Release|ARM
		{2FCA0E1B-E885-435E-AB51-D92E36DF9840}.Release|Any CPU.ActiveCfg = Release|Any CPU
		{2FCA0E1B-E885-435E-AB51-D92E36DF9840}.Release|Any CPU.Build.0 = Release|Any CPU
		{2FCA0E1B-E885-435E-AB51-D92E36DF9840}.Release|Any CPU.Deploy.0 = Release|Any CPU
		{2FCA0E1B-E885-435E-AB51-D92E36DF9840}.Release|x64.ActiveCfg = Release|x64
		{2FCA0E1B-E885-435E-AB51-D92E36DF9840}.Release|x64.Build.0 = Release|x64
		{2FCA0E1B-E885-435E-AB51-D92E36DF9840}.Release|x64.Deploy.0 = Release|x64
		{2FCA0E1B-E885-435E-AB51-D92E36DF9840}.Release|x86.ActiveCfg = Release|x86
		{2FCA0E1B-E885-435E-AB51-D92E36DF9840}.Release|x86.Build.0 = Release|x86
		{2FCA0E1B-E885-435E-AB51-D92E36DF9840}.Release|x86.Deploy.0 = Release|x86
	EndGlobalSection
	GlobalSection(SolutionProperties) = preSolution
		HideSolutionNode = FALSE
	EndGlobalSection
EndGlobal
