
Microsoft Visual Studio Solution File, Format Version 12.00
# Visual Studio 11
Project("{FAE04EC0-301F-11D3-BF4B-00C04F79EFBC}") = "PointerExample", "PointerExample.csproj", "{4C36D465-F856-4986-A963-33B3637FD4ED}"
EndProject
Global
	GlobalSection(SolutionConfigurationPlatforms) = preSolution
		Debug|ARM = Debug|ARM
		Debug|Any CPU = Debug|Any CPU
		Debug|x64 = Debug|x64
		Debug|x86 = Debug|x86
		Release|ARM = Release|ARM
		Release|Any CPU = Release|Any CPU
		Release|x64 = Release|x64
		Release|x86 = Release|x86
	EndGlobalSection
	GlobalSection(ProjectConfigurationPlatforms) = postSolution
		{4C36D465-F856-4986-A963-33B3637FD4ED}.Debug|ARM.ActiveCfg = Debug|ARM
		{4C36D465-F856-4986-A963-33B3637FD4ED}.Debug|ARM.Build.0 = Debug|ARM
		{4C36D465-F856-4986-A963-33B3637FD4ED}.Debug|ARM.Deploy.0 = Debug|ARM
		{4C36D465-F856-4986-A963-33B3637FD4ED}.Debug|Any CPU.ActiveCfg = Debug|Any CPU
		{4C36D465-F856-4986-A963-33B3637FD4ED}.Debug|Any CPU.Build.0 = Debug|Any CPU
		{4C36D465-F856-4986-A963-33B3637FD4ED}.Debug|Any CPU.Deploy.0 = Debug|Any CPU
		{4C36D465-F856-4986-A963-33B3637FD4ED}.Debug|x64.ActiveCfg = Debug|x64
		{4C36D465-F856-4986-A963-33B3637FD4ED}.Debug|x64.Build.0 = Debug|x64
		{4C36D465-F856-4986-A963-33B3637FD4ED}.Debug|x64.Deploy.0 = Debug|x64
		{4C36D465-F856-4986-A963-33B3637FD4ED}.Debug|x86.ActiveCfg = Debug|x86
		{4C36D465-F856-4986-A963-33B3637FD4ED}.Debug|x86.Build.0 = Debug|x86
		{4C36D465-F856-4986-A963-33B3637FD4ED}.Debug|x86.Deploy.0 = Debug|x86
		{4C36D465-F856-4986-A963-33B3637FD4ED}.Release|ARM.ActiveCfg = Release|ARM
		{4C36D465-F856-4986-A963-33B3637FD4ED}.Release|ARM.Build.0 = Release|ARM
		{4C36D465-F856-4986-A963-33B3637FD4ED}.Release|ARM.Deploy.0 = Release|ARM
		{4C36D465-F856-4986-A963-33B3637FD4ED}.Release|Any CPU.ActiveCfg = Release|Any CPU
		{4C36D465-F856-4986-A963-33B3637FD4ED}.Release|Any CPU.Build.0 = Release|Any CPU
		{4C36D465-F856-4986-A963-33B3637FD4ED}.Release|Any CPU.Deploy.0 = Release|Any CPU
		{4C36D465-F856-4986-A963-33B3637FD4ED}.Release|x64.ActiveCfg = Release|x64
		{4C36D465-F856-4986-A963-33B3637FD4ED}.Release|x64.Build.0 = Release|x64
		{4C36D465-F856-4986-A963-33B3637FD4ED}.Release|x64.Deploy.0 = Release|x64
		{4C36D465-F856-4986-A963-33B3637FD4ED}.Release|x86.ActiveCfg = Release|x86
		{4C36D465-F856-4986-A963-33B3637FD4ED}.Release|x86.Build.0 = Release|x86
		{4C36D465-F856-4986-A963-33B3637FD4ED}.Release|x86.Deploy.0 = Release|x86
	EndGlobalSection
	GlobalSection(SolutionProperties) = preSolution
		HideSolutionNode = FALSE
	EndGlobalSection
EndGlobal
